// !$*UTF8*$!
{
	archiveVersion = 1;
	classes = {
	};
	objectVersion = 77;
	objects = {

/* Begin PBXBuildFile section */
		BF9627C92FC5F2520072D80D /* Inkognito.icon in Resources */ = {isa = PBXBuildFile; fileRef = BF9627C82FC5F2520072D80D /* Inkognito.icon */; };
/* End PBXBuildFile section */

/* Begin PBXContainerItemProxy section */
		BF9626D62FC5E5810072D80D /* PBXContainerItemProxy */ = {
			isa = PBXContainerItemProxy;
			containerPortal = BF9626BE2FC5E5800072D80D /* Project object */;
			proxyType = 1;
			remoteGlobalIDString = BF9626C52FC5E5800072D80D;
			remoteInfo = Inkognito;
		};
		BF9626E02FC5E5810072D80D /* PBXContainerItemProxy */ = {
			isa = PBXContainerItemProxy;
			containerPortal = BF9626BE2FC5E5800072D80D /* Project object */;
			proxyType = 1;
			remoteGlobalIDString = BF9626C52FC5E5800072D80D;
			remoteInfo = Inkognito;
		};
/* End PBXContainerItemProxy section */

/* Begin PBXFileReference section */
		BF9626C62FC5E5800072D80D /* Inkognito.app */ = {isa = PBXFileReference; explicitFileType = wrapper.application; includeInIndex = 0; path = Inkognito.app; sourceTree = BUILT_PRODUCTS_DIR; };
		BF9626D52FC5E5810072D80D /* InkognitoTests.xctest */ = {isa = PBXFileReference; explicitFileType = wrapper.cfbundle; includeInIndex = 0; path = InkognitoTests.xctest; sourceTree = BUILT_PRODUCTS_DIR; };
		BF9626DF2FC5E5810072D80D /* InkognitoUITests.xctest */ = {isa = PBXFileReference; explicitFileType = wrapper.cfbundle; includeInIndex = 0; path = InkognitoUITests.xctest; sourceTree = BUILT_PRODUCTS_DIR; };
		BF9627C82FC5F2520072D80D /* Inkognito.icon */ = {isa = PBXFileReference; lastKnownFileType = folder.iconcomposer.icon; path = Inkognito.icon; sourceTree = "<group>"; };
/* End PBXFileReference section */

/* Begin PBXFileSystemSynchronizedRootGroup section */
		BF9626C82FC5E5800072D80D /* Inkognito */ = {
			isa = PBXFileSystemSynchronizedRootGroup;
			path = Inkognito;
			sourceTree = "<group>";
		};
		BF9626D82FC5E5810072D80D /* InkognitoTests */ = {
			isa = PBXFileSystemSynchronizedRootGroup;
			path = InkognitoTests;
			sourceTree = "<group>";
		};
		BF9626E22FC5E5810072D80D /* InkognitoUITests */ = {
			isa = PBXFileSystemSynchronizedRootGroup;
			path = InkognitoUITests;
			sourceTree = "<group>";
		};
/* End PBXFileSystemSynchronizedRootGroup section */

/* Begin PBXFrameworksBuildPhase section */
		BF9626C32FC5E5800072D80D /* Frameworks */ = {
			isa = PBXFrameworksBuildPhase;
			buildActionMask = 2147483647;
			files = (
			);
			runOnlyForDeploymentPostprocessing = 0;
		};
		BF9626D22FC5E5810072D80D /* Frameworks */ = {
			isa = PBXFrameworksBuildPhase;
			buildActionMask = 2147483647;
			files = (
			);
			runOnlyForDeploymentPostprocessing = 0;
		};
		BF9626DC2FC5E5810072D80D /* Frameworks */ = {
			isa = PBXFrameworksBuildPhase;
			buildActionMask = 2147483647;
			files = (
			);
			runOnlyForDeploymentPostprocessing = 0;
		};
/* End PBXFrameworksBuildPhase section */

/* Begin PBXGroup section */
		BF9626BD2FC5E5800072D80D = {
			isa = PBXGroup;
			children = (
				BF9627C82FC5F2520072D80D /* Inkognito.icon */,
				BF9626C82FC5E5800072D80D /* Inkognito */,
				BF9626D82FC5E5810072D80D /* InkognitoTests */,
				BF9626E22FC5E5810072D80D /* InkognitoUITests */,
				BF9626C72FC5E5800072D80D /* Products */,
			);
			sourceTree = "<group>";
		};
		BF9626C72FC5E5800072D80D /* Products */ = {
			isa = PBXGroup;
			children = (
				BF9626C62FC5E5800072D80D /* Inkognito.app */,
				BF9626D52FC5E5810072D80D /* InkognitoTests.xctest */,
				BF9626DF2FC5E5810072D80D /* InkognitoUITests.xctest */,
			);
			name = Products;
			sourceTree = "<group>";
		};
/* End PBXGroup section */

/* Begin PBXNativeTarget section */
		BF9626C52FC5E5800072D80D /* Inkognito */ = {
			isa = PBXNativeTarget;
			buildConfigurationList = BF9626E92FC5E5810072D80D /* Build configuration list for PBXNativeTarget "Inkognito" */;
			buildPhases = (
				BF9626C22FC5E5800072D80D /* Sources */,
				BF9626C32FC5E5800072D80D /* Frameworks */,
				BF9626C42FC5E5800072D80D /* Resources */,
			);
			buildRules = (
			);
			dependencies = (
			);
			fileSystemSynchronizedGroups = (
				BF9626C82FC5E5800072D80D /* Inkognito */,
			);
			name = Inkognito;
			packageProductDependencies = (
			);
			productName = Inkognito;
			productReference = BF9626C62FC5E5800072D80D /* Inkognito.app */;
			productType = "com.apple.product-type.application";
		};
		BF9626D42FC5E5810072D80D /* InkognitoTests */ = {
			isa = PBXNativeTarget;
			buildConfigurationList = BF9626EC2FC5E5810072D80D /* Build configuration list for PBXNativeTarget "InkognitoTests" */;
			buildPhases = (
				BF9626D12FC5E5810072D80D /* Sources */,
				BF9626D22FC5E5810072D80D /* Frameworks */,
				BF9626D32FC5E5810072D80D /* Resources */,
			);
			buildRules = (
			);
			dependencies = (
				BF9626D72FC5E5810072D80D /* PBXTargetDependency */,
			);
			fileSystemSynchronizedGroups = (
				BF9626D82FC5E5810072D80D /* InkognitoTests */,
			);
			name = InkognitoTests;
			packageProductDependencies = (
			);
			productName = InkognitoTests;
			productReference = BF9626D52FC5E5810072D80D /* InkognitoTests.xctest */;
			productType = "com.apple.product-type.bundle.unit-test";
		};
		BF9626DE2FC5E5810072D80D /* InkognitoUITests */ = {
			isa = PBXNativeTarget;
			buildConfigurationList = BF9626EF2FC5E5810072D80D /* Build configuration list for PBXNativeTarget "InkognitoUITests" */;
			buildPhases = (
				BF9626DB2FC5E5810072D80D /* Sources */,
				BF9626DC2FC5E5810072D80D /* Frameworks */,
				BF9626DD2FC5E5810072D80D /* Resources */,
			);
			buildRules = (
			);
			dependencies = (
				BF9626E12FC5E5810072D80D /* PBXTargetDependency */,
			);
			fileSystemSynchronizedGroups = (
				BF9626E22FC5E5810072D80D /* InkognitoUITests */,
			);
			name = InkognitoUITests;
			packageProductDependencies = (
			);
			productName = InkognitoUITests;
			productReference = BF9626DF2FC5E5810072D80D /* InkognitoUITests.xctest */;
			productType = "com.apple.product-type.bundle.ui-testing";
		};
/* End PBXNativeTarget section */

/* Begin PBXProject section */
		BF9626BE2FC5E5800072D80D /* Project object */ = {
			isa = PBXProject;
			attributes = {
				BuildIndependentTargetsInParallel = 1;
				LastSwiftUpdateCheck = 2650;
				LastUpgradeCheck = 2650;
				TargetAttributes = {
					BF9626C52FC5E5800072D80D = {
						CreatedOnToolsVersion = 26.5;
					};
					BF9626D42FC5E5810072D80D = {
						CreatedOnToolsVersion = 26.5;
						TestTargetID = BF9626C52FC5E5800072D80D;
					};
					BF9626DE2FC5E5810072D80D = {
						CreatedOnToolsVersion = 26.5;
						TestTargetID = BF9626C52FC5E5800072D80D;
					};
				};
			};
			buildConfigurationList = BF9626C12FC5E5800072D80D /* Build configuration list for PBXProject "Inkognito" */;
			developmentRegion = en;
			hasScannedForEncodings = 0;
			knownRegions = (
				en,
				Base,
			);
			mainGroup = BF9626BD2FC5E5800072D80D;
			minimizedProjectReferenceProxies = 1;
			preferredProjectObjectVersion = 77;
			productRefGroup = BF9626C72FC5E5800072D80D /* Products */;
			projectDirPath = "";
			projectRoot = "";
			targets = (
				BF9626C52FC5E5800072D80D /* Inkognito */,
				BF9626D42FC5E5810072D80D /* InkognitoTests */,
				BF9626DE2FC5E5810072D80D /* InkognitoUITests */,
			);
		};
/* End PBXProject section */

/* Begin PBXResourcesBuildPhase section */
		BF9626C42FC5E5800072D80D /* Resources */ = {
			isa = PBXResourcesBuildPhase;
			buildActionMask = 2147483647;
			files = (
				BF9627C92FC5F2520072D80D /* Inkognito.icon in Resources */,
			);
			runOnlyForDeploymentPostprocessing = 0;
		};
		BF9626D32FC5E5810072D80D /* Resources */ = {
			isa = PBXResourcesBuildPhase;
			buildActionMask = 2147483647;
			files = (
			);
			runOnlyForDeploymentPostprocessing = 0;
		};
		BF9626DD2FC5E5810072D80D /* Resources */ = {
			isa = PBXResourcesBuildPhase;
			buildActionMask = 2147483647;
			files = (
			);
			runOnlyForDeploymentPostprocessing = 0;
		};
/* End PBXResourcesBuildPhase section */

/* Begin PBXSourcesBuildPhase section */
		BF9626C22FC5E5800072D80D /* Sources */ = {
			isa = PBXSourcesBuildPhase;
			buildActionMask = 2147483647;
			files = (
			);
			runOnlyForDeploymentPostprocessing = 0;
		};
		BF9626D12FC5E5810072D80D /* Sources */ = {
			isa = PBXSourcesBuildPhase;
			buildActionMask = 2147483647;
			files = (
			);
			runOnlyForDeploymentPostprocessing = 0;
		};
		BF9626DB2FC5E5810072D80D /* Sources */ = {
			isa = PBXSourcesBuildPhase;
			buildActionMask = 2147483647;
			files = (
			);
			runOnlyForDeploymentPostprocessing = 0;
		};
/* End PBXSourcesBuildPhase section */

/* Begin PBXTargetDependency section */
		BF9626D72FC5E5810072D80D /* PBXTargetDependency */ = {
			isa = PBXTargetDependency;
			target = BF9626C52FC5E5800072D80D /* Inkognito */;
			targetProxy = BF9626D62FC5E5810072D80D /* PBXContainerItemProxy */;
		};
		BF9626E12FC5E5810072D80D /* PBXTargetDependency */ = {
			isa = PBXTargetDependency;
			target = BF9626C52FC5E5800072D80D /* Inkognito */;
			targetProxy = BF9626E02FC5E5810072D80D /* PBXContainerItemProxy */;
		};
/* End PBXTargetDependency section */

/* Begin XCBuildConfiguration section */
		BF9626E72FC5E5810072D80D /* Debug */ = {
			isa = XCBuildConfiguration;
			buildSettings = {
				ALWAYS_SEARCH_USER_PATHS = NO;
				ASSETCATALOG_COMPILER_GENERATE_SWIFT_ASSET_SYMBOL_EXTENSIONS = YES;
				CLANG_ANALYZER_NONNULL = YES;
				CLANG_ANALYZER_NUMBER_OBJECT_CONVERSION = YES_AGGRESSIVE;
				CLANG_CXX_LANGUAGE_STANDARD = "gnu++20";
				CLANG_ENABLE_MODULES = YES;
				CLANG_ENABLE_OBJC_ARC = YES;
				CLANG_ENABLE_OBJC_WEAK = YES;
				CLANG_WARN_BLOCK_CAPTURE_AUTORELEASING = YES;
				CLANG_WARN_BOOL_CONVERSION = YES;
				CLANG_WARN_COMMA = YES;
				CLANG_WARN_CONSTANT_CONVERSION = YES;
				CLANG_WARN_DEPRECATED_OBJC_IMPLEMENTATIONS = YES;
				CLANG_WARN_DIRECT_OBJC_ISA_USAGE = YES_ERROR;
				CLANG_WARN_DOCUMENTATION_COMMENTS = YES;
				CLANG_WARN_EMPTY_BODY = YES;
				CLANG_WARN_ENUM_CONVERSION = YES;
				CLANG_WARN_INFINITE_RECURSION = YES;
				CLANG_WARN_INT_CONVERSION = YES;
				CLANG_WARN_NON_LITERAL_NULL_CONVERSION = YES;
				CLANG_WARN_OBJC_IMPLICIT_RETAIN_SELF = YES;
				CLANG_WARN_OBJC_LITERAL_CONVERSION = YES;
				CLANG_WARN_OBJC_ROOT_CLASS = YES_ERROR;
				CLANG_WARN_QUOTED_INCLUDE_IN_FRAMEWORK_HEADER = YES;
				CLANG_WARN_RANGE_LOOP_ANALYSIS = YES;
				CLANG_WARN_STRICT_PROTOTYPES = YES;
				CLANG_WARN_SUSPICIOUS_MOVE = YES;
				CLANG_WARN_UNGUARDED_AVAILABILITY = YES_AGGRESSIVE;
				CLANG_WARN_UNREACHABLE_CODE = YES;
				CLANG_WARN__DUPLICATE_METHOD_MATCH = YES;
				COPY_PHASE_STRIP = NO;
				DEBUG_INFORMATION_FORMAT = dwarf;
				DEVELOPMENT_TEAM = 4QN838772C;
				ENABLE_STRICT_OBJC_MSGSEND = YES;
				ENABLE_TESTABILITY = YES;
				ENABLE_USER_SCRIPT_SANDBOXING = YES;
				GCC_C_LANGUAGE_STANDARD = gnu17;
				GCC_DYNAMIC_NO_PIC = NO;
				GCC_NO_COMMON_BLOCKS = YES;
				GCC_OPTIMIZATION_LEVEL = 0;
				GCC_PREPROCESSOR_DEFINITIONS = (
					"DEBUG=1",
					"$(inherited)",
				);
				GCC_WARN_64_TO_32_BIT_CONVERSION = YES;
				GCC_WARN_ABOUT_RETURN_TYPE = YES_ERROR;
				GCC_WARN_UNDECLARED_SELECTOR = YES;
				GCC_WARN_UNINITIALIZED_AUTOS = YES_AGGRESSIVE;
				GCC_WARN_UNUSED_FUNCTION = YES;
				GCC_WARN_UNUSED_VARIABLE = YES;
				LOCALIZATION_PREFERS_STRING_CATALOGS = YES;
				MACOSX_DEPLOYMENT_TARGET = 26.5;
				MTL_ENABLE_DEBUG_INFO = INCLUDE_SOURCE;
				MTL_FAST_MATH = YES;
				ONLY_ACTIVE_ARCH = YES;
				SDKROOT = macosx;
				SWIFT_ACTIVE_COMPILATION_CONDITIONS = "DEBUG $(inherited)";
				SWIFT_OPTIMIZATION_LEVEL = "-Onone";
			};
			name = Debug;
		};
		BF9626E82FC5E5810072D80D /* Release */ = {
			isa = XCBuildConfiguration;
			buildSettings = {
				ALWAYS_SEARCH_USER_PATHS = NO;
				ASSETCATALOG_COMPILER_GENERATE_SWIFT_ASSET_SYMBOL_EXTENSIONS = YES;
				CLANG_ANALYZER_NONNULL = YES;
				CLANG_ANALYZER_NUMBER_OBJECT_CONVERSION = YES_AGGRESSIVE;
				CLANG_CXX_LANGUAGE_STANDARD = "gnu++20";
				CLANG_ENABLE_MODULES = YES;
				CLANG_ENABLE_OBJC_ARC = YES;
				CLANG_ENABLE_OBJC_WEAK = YES;
				CLANG_WARN_BLOCK_CAPTURE_AUTORELEASING = YES;
				CLANG_WARN_BOOL_CONVERSION = YES;
				CLANG_WARN_COMMA = YES;
				CLANG_WARN_CONSTANT_CONVERSION = YES;
				CLANG_WARN_DEPRECATED_OBJC_IMPLEMENTATIONS = YES;
				CLANG_WARN_DIRECT_OBJC_ISA_USAGE = YES_ERROR;
				CLANG_WARN_DOCUMENTATION_COMMENTS = YES;
				CLANG_WARN_EMPTY_BODY = YES;
				CLANG_WARN_ENUM_CONVERSION = YES;
				CLANG_WARN_INFINITE_RECURSION = YES;
				CLANG_WARN_INT_CONVERSION = YES;
				CLANG_WARN_NON_LITERAL_NULL_CONVERSION = YES;
				CLANG_WARN_OBJC_IMPLICIT_RETAIN_SELF = YES;
				CLANG_WARN_OBJC_LITERAL_CONVERSION = YES;
				CLANG_WARN_OBJC_ROOT_CLASS = YES_ERROR;
				CLANG_WARN_QUOTED_INCLUDE_IN_FRAMEWORK_HEADER = YES;
				CLANG_WARN_RANGE_LOOP_ANALYSIS = YES;
				CLANG_WARN_STRICT_PROTOTYPES = YES;
				CLANG_WARN_SUSPICIOUS_MOVE = YES;
				CLANG_WARN_UNGUARDED_AVAILABILITY = YES_AGGRESSIVE;
				CLANG_WARN_UNREACHABLE_CODE = YES;
				CLANG_WARN__DUPLICATE_METHOD_MATCH = YES;
				COPY_PHASE_STRIP = NO;
				DEBUG_INFORMATION_FORMAT = "dwarf-with-dsym";
				DEVELOPMENT_TEAM = 4QN838772C;
				ENABLE_NS_ASSERTIONS = NO;
				ENABLE_STRICT_OBJC_MSGSEND = YES;
				ENABLE_USER_SCRIPT_SANDBOXING = YES;
				GCC_C_LANGUAGE_STANDARD = gnu17;
				GCC_NO_COMMON_BLOCKS = YES;
				GCC_WARN_64_TO_32_BIT_CONVERSION = YES;
				GCC_WARN_ABOUT_RETURN_TYPE = YES_ERROR;
				GCC_WARN_UNDECLARED_SELECTOR = YES;
				GCC_WARN_UNINITIALIZED_AUTOS = YES_AGGRESSIVE;
				GCC_WARN_UNUSED_FUNCTION = YES;
				GCC_WARN_UNUSED_VARIABLE = YES;
				LOCALIZATION_PREFERS_STRING_CATALOGS = YES;
				MACOSX_DEPLOYMENT_TARGET = 26.5;
				MTL_ENABLE_DEBUG_INFO = NO;
				MTL_FAST_MATH = YES;
				SDKROOT = macosx;
				SWIFT_COMPILATION_MODE = wholemodule;
			};
			name = Release;
		};
		BF9626EA2FC5E5810072D80D /* Debug */ = {
			isa = XCBuildConfiguration;
			buildSettings = {
				ASSETCATALOG_COMPILER_APPICON_NAME = Inkognito;
				ASSETCATALOG_COMPILER_GLOBAL_ACCENT_COLOR_NAME = AccentColor;
				ASSETCATALOG_COMPILER_INCLUDE_ALL_APPICON_ASSETS = YES;
				CODE_SIGN_STYLE = Automatic;
				COMBINE_HIDPI_IMAGES = YES;
				CURRENT_PROJECT_VERSION = 1;
				DEVELOPMENT_TEAM = 4QN838772C;
				ENABLE_APP_SANDBOX = NO;
				ENABLE_HARDENED_RUNTIME = YES;
				ENABLE_PREVIEWS = YES;
				GENERATE_INFOPLIST_FILE = YES;
				INFOPLIST_KEY_CFBundleDisplayName = Inkognito;
				INFOPLIST_KEY_LSApplicationCategoryType = "public.app-category.utilities";
				INFOPLIST_KEY_LSUIElement = YES;
				INFOPLIST_KEY_NSHumanReadableCopyright = "";
				INFOPLIST_KEY_NSLocalNetworkUsageDescription = "Inkognito advertises your printer over the local network so iPhones and iPads can find it.";
				LD_RUNPATH_SEARCH_PATHS = (
					"$(inherited)",
					"@executable_path/../Frameworks",
				);
				MACOSX_DEPLOYMENT_TARGET = 14.0;
				MARKETING_VERSION = 1.0;
				PRODUCT_BUNDLE_IDENTIFIER = com.joshuafigueroa.Inkognito;
				PRODUCT_NAME = "$(TARGET_NAME)";
				STRING_CATALOG_GENERATE_SYMBOLS = YES;
				SWIFT_APPROACHABLE_CONCURRENCY = YES;
				SWIFT_DEFAULT_ACTOR_ISOLATION = MainActor;
				SWIFT_EMIT_LOC_STRINGS = YES;
				SWIFT_UPCOMING_FEATURE_MEMBER_IMPORT_VISIBILITY = YES;
				SWIFT_VERSION = 5.0;
			};
			name = Debug;
		};
		BF9626EB2FC5E5810072D80D /* Release */ = {
			isa = XCBuildConfiguration;
			buildSettings = {
				ASSETCATALOG_COMPILER_APPICON_NAME = Inkognito;
				ASSETCATALOG_COMPILER_GLOBAL_ACCENT_COLOR_NAME = AccentColor;
				ASSETCATALOG_COMPILER_INCLUDE_ALL_APPICON_ASSETS = YES;
				CODE_SIGN_STYLE = Automatic;
				COMBINE_HIDPI_IMAGES = YES;
				CURRENT_PROJECT_VERSION = 1;
				DEVELOPMENT_TEAM = 4QN838772C;
				ENABLE_APP_SANDBOX = NO;
				ENABLE_HARDENED_RUNTIME = YES;
				ENABLE_PREVIEWS = YES;
				GENERATE_INFOPLIST_FILE = YES;
				INFOPLIST_KEY_CFBundleDisplayName = Inkognito;
				INFOPLIST_KEY_LSApplicationCategoryType = "public.app-category.utilities";
				INFOPLIST_KEY_LSUIElement = YES;
				INFOPLIST_KEY_NSHumanReadableCopyright = "";
				INFOPLIST_KEY_NSLocalNetworkUsageDescription = "Inkognito advertises your printer over the local network so iPhones and iPads can find it.";
				LD_RUNPATH_SEARCH_PATHS = (
					"$(inherited)",
					"@executable_path/../Frameworks",
				);
				MACOSX_DEPLOYMENT_TARGET = 14.0;
				MARKETING_VERSION = 1.0;
				PRODUCT_BUNDLE_IDENTIFIER = com.joshuafigueroa.Inkognito;
				PRODUCT_NAME = "$(TARGET_NAME)";
				STRING_CATALOG_GENERATE_SYMBOLS = YES;
				SWIFT_APPROACHABLE_CONCURRENCY = YES;
				SWIFT_DEFAULT_ACTOR_ISOLATION = MainActor;
				SWIFT_EMIT_LOC_STRINGS = YES;
				SWIFT_UPCOMING_FEATURE_MEMBER_IMPORT_VISIBILITY = YES;
				SWIFT_VERSION = 5.0;
			};
			name = Release;
		};
		BF9626ED2FC5E5810072D80D /* Debug */ = {
			isa = XCBuildConfiguration;
			buildSettings = {
				BUNDLE_LOADER = "$(TEST_HOST)";
				CODE_SIGN_STYLE = Automatic;
				CURRENT_PROJECT_VERSION = 1;
				DEVELOPMENT_TEAM = 4QN838772C;
				GENERATE_INFOPLIST_FILE = YES;
				MACOSX_DEPLOYMENT_TARGET = 26.5;
				MARKETING_VERSION = 1.0;
				PRODUCT_BUNDLE_IDENTIFIER = com.joshuafigueroa.InkognitoTests;
				PRODUCT_NAME = "$(TARGET_NAME)";
				STRING_CATALOG_GENERATE_SYMBOLS = NO;
				SWIFT_APPROACHABLE_CONCURRENCY = YES;
				SWIFT_EMIT_LOC_STRINGS = NO;
				SWIFT_UPCOMING_FEATURE_MEMBER_IMPORT_VISIBILITY = YES;
				SWIFT_VERSION = 5.0;
				TEST_HOST = "$(BUILT_PRODUCTS_DIR)/Inkognito.app/$(BUNDLE_EXECUTABLE_FOLDER_PATH)/Inkognito";
			};
			name = Debug;
		};
		BF9626EE2FC5E5810072D80D /* Release */ = {
			isa = XCBuildConfiguration;
			buildSettings = {
				BUNDLE_LOADER = "$(TEST_HOST)";
				CODE_SIGN_STYLE = Automatic;
				CURRENT_PROJECT_VERSION = 1;
				DEVELOPMENT_TEAM = 4QN838772C;
				GENERATE_INFOPLIST_FILE = YES;
				MACOSX_DEPLOYMENT_TARGET = 26.5;
				MARKETING_VERSION = 1.0;
				PRODUCT_BUNDLE_IDENTIFIER = com.joshuafigueroa.InkognitoTests;
				PRODUCT_NAME = "$(TARGET_NAME)";
				STRING_CATALOG_GENERATE_SYMBOLS = NO;
				SWIFT_APPROACHABLE_CONCURRENCY = YES;
				SWIFT_EMIT_LOC_STRINGS = NO;
				SWIFT_UPCOMING_FEATURE_MEMBER_IMPORT_VISIBILITY = YES;
				SWIFT_VERSION = 5.0;
				TEST_HOST = "$(BUILT_PRODUCTS_DIR)/Inkognito.app/$(BUNDLE_EXECUTABLE_FOLDER_PATH)/Inkognito";
			};
			name = Release;
		};
		BF9626F02FC5E5810072D80D /* Debug */ = {
			isa = XCBuildConfiguration;
			buildSettings = {
				CODE_SIGN_STYLE = Automatic;
				CURRENT_PROJECT_VERSION = 1;
				DEVELOPMENT_TEAM = 4QN838772C;
				GENERATE_INFOPLIST_FILE = YES;
				MARKETING_VERSION = 1.0;
				PRODUCT_BUNDLE_IDENTIFIER = com.joshuafigueroa.InkognitoUITests;
				PRODUCT_NAME = "$(TARGET_NAME)";
				STRING_CATALOG_GENERATE_SYMBOLS = NO;
				SWIFT_APPROACHABLE_CONCURRENCY = YES;
				SWIFT_EMIT_LOC_STRINGS = NO;
				SWIFT_UPCOMING_FEATURE_MEMBER_IMPORT_VISIBILITY = YES;
				SWIFT_VERSION = 5.0;
				TEST_TARGET_NAME = Inkognito;
			};
			name = Debug;
		};
		BF9626F12FC5E5810072D80D /* Release */ = {
			isa = XCBuildConfiguration;
			buildSettings = {
				CODE_SIGN_STYLE = Automatic;
				CURRENT_PROJECT_VERSION = 1;
				DEVELOPMENT_TEAM = 4QN838772C;
				GENERATE_INFOPLIST_FILE = YES;
				MARKETING_VERSION = 1.0;
				PRODUCT_BUNDLE_IDENTIFIER = com.joshuafigueroa.InkognitoUITests;
				PRODUCT_NAME = "$(TARGET_NAME)";
				STRING_CATALOG_GENERATE_SYMBOLS = NO;
				SWIFT_APPROACHABLE_CONCURRENCY = YES;
				SWIFT_EMIT_LOC_STRINGS = NO;
				SWIFT_UPCOMING_FEATURE_MEMBER_IMPORT_VISIBILITY = YES;
				SWIFT_VERSION = 5.0;
				TEST_TARGET_NAME = Inkognito;
			};
			name = Release;
		};
/* End XCBuildConfiguration section */

/* Begin XCConfigurationList section */
		BF9626C12FC5E5800072D80D /* Build configuration list for PBXProject "Inkognito" */ = {
			isa = XCConfigurationList;
			buildConfigurations = (
				BF9626E72FC5E5810072D80D /* Debug */,
				BF9626E82FC5E5810072D80D /* Release */,
			);
			defaultConfigurationIsVisible = 0;
			defaultConfigurationName = Release;
		};
		BF9626E92FC5E5810072D80D /* Build configuration list for PBXNativeTarget "Inkognito" */ = {
			isa = XCConfigurationList;
			buildConfigurations = (
				BF9626EA2FC5E5810072D80D /* Debug */,
				BF9626EB2FC5E5810072D80D /* Release */,
			);
			defaultConfigurationIsVisible = 0;
			defaultConfigurationName = Release;
		};
		BF9626EC2FC5E5810072D80D /* Build configuration list for PBXNativeTarget "InkognitoTests" */ = {
			isa = XCConfigurationList;
			buildConfigurations = (
				BF9626ED2FC5E5810072D80D /* Debug */,
				BF9626EE2FC5E5810072D80D /* Release */,
			);
			defaultConfigurationIsVisible = 0;
			defaultConfigurationName = Release;
		};
		BF9626EF2FC5E5810072D80D /* Build configuration list for PBXNativeTarget "InkognitoUITests" */ = {
			isa = XCConfigurationList;
			buildConfigurations = (
				BF9626F02FC5E5810072D80D /* Debug */,
				BF9626F12FC5E5810072D80D /* Release */,
			);
			defaultConfigurationIsVisible = 0;
			defaultConfigurationName = Release;
		};
/* End XCConfigurationList section */
	};
	rootObject = BF9626BE2FC5E5800072D80D /* Project object */;
}
